
Microsoft Visual Studio Solution File, Format Version 12.00
# Visual Studio Version 17
VisualStudioVersion = 17.8.34309.116
MinimumVisualStudioVersion = 10.0.40219.1
Project("{FAE04EC0-301F-11D3-BF4B-00C04F79EFBC}") = "blazor-wasm-sql-db.Server", "Server\blazor-wasm-sql-db.Server.csproj", "{890F8158-947D-4D47-A53A-8C078B086C7C}"
EndProject
Project("{FAE04EC0-301F-11D3-BF4B-00C04F79EFBC}") = "blazor-wasm-sql-db.Client", "Client\blazor-wasm-sql-db.Client.csproj", "{7A7FAD04-8149-42D0-8363-5AB6BB3D2873}"
EndProject
Project("{FAE04EC0-301F-11D3-BF4B-00C04F79EFBC}") = "blazor-wasm-sql-db.Shared", "Shared\blazor-wasm-sql-db.Shared.csproj", "{04B66D09-B169-4CFA-BD42-F43E036C9831}"
EndProject
Global
	GlobalSection(SolutionConfigurationPlatforms) = preSolution
		Debug|Any CPU = Debug|Any CPU
		Release|Any CPU = Release|Any CPU
	EndGlobalSection
	GlobalSection(ProjectConfigurationPlatforms) = postSolution
		{890F8158-947D-4D47-A53A-8C078B086C7C}.Debug|Any CPU.ActiveCfg = Debug|Any CPU
		{890F8158-947D-4D47-A53A-8C078B086C7C}.Debug|Any CPU.Build.0 = Debug|Any CPU
		{890F8158-947D-4D47-A53A-8C078B086C7C}.Release|Any CPU.ActiveCfg = Release|Any CPU
		{890F8158-947D-4D47-A53A-8C078B086C7C}.Release|Any CPU.Build.0 = Release|Any CPU
		{7A7FAD04-8149-42D0-8363-5AB6BB3D2873}.Debug|Any CPU.ActiveCfg = Debug|Any CPU
		{7A7FAD04-8149-42D0-8363-5AB6BB3D2873}.Debug|Any CPU.Build.0 = Debug|Any CPU
		{7A7FAD04-8149-42D0-8363-5AB6BB3D2873}.Release|Any CPU.ActiveCfg = Release|Any CPU
		{7A7FAD04-8149-42D0-8363-5AB6BB3D2873}.Release|Any CPU.Build.0 = Release|Any CPU
		{04B66D09-B169-4CFA-BD42-F43E036C9831}.Debug|Any CPU.ActiveCfg = Debug|Any CPU
		{04B66D09-B169-4CFA-BD42-F43E036C9831}.Debug|Any CPU.Build.0 = Debug|Any CPU
		{04B66D09-B169-4CFA-BD42-F43E036C9831}.Release|Any CPU.ActiveCfg = Release|Any CPU
		{04B66D09-B169-4CFA-BD42-F43E036C9831}.Release|Any CPU.Build.0 = Release|Any CPU
	EndGlobalSection
	GlobalSection(SolutionProperties) = preSolution
		HideSolutionNode = FALSE
	EndGlobalSection
	GlobalSection(ExtensibilityGlobals) = postSolution
		SolutionGuid = {5AFF65C6-2489-4E46-93AB-7C7257E94701}
	EndGlobalSection
EndGlobal
